<Project xmlns="http://schemas.microsoft.com/developer/msbuild/2003">
  <PropertyGroup>
    <ProjectGuid>{0dc03cc2-1348-43b6-ab14-4f4d20aebcfd}</ProjectGuid>
    <MainSource>ki.dpk</MainSource>
    <Configuration Condition=" '$(Configuration)' == '' ">Debug</Configuration>
    <Platform Condition=" '$(Platform)' == '' ">AnyCPU</Platform>
    <DCC_DCCCompiler>DCCIL</DCC_DCCCompiler>
    <DCC_DependencyCheckOutputName>ki.dll</DCC_DependencyCheckOutputName>
    <DCC_UsePackage>C:\WINDOWS\Microsoft.NET\Framework\v2.0.50727\System.Drawing.dll;C:\WINDOWS\Microsoft.NET\Framework\v2.0.50727\System.Data.dll;Borland.Delphi</DCC_UsePackage>
  </PropertyGroup>
  <PropertyGroup Condition=" '$(Configuration)|$(Platform)' == 'Release|AnyCPU' ">
    <Version>7.0</Version>
    <DCC_DebugInformation>False</DCC_DebugInformation>
    <DCC_LocalDebugSymbols>False</DCC_LocalDebugSymbols>
    <DCC_SymbolReferenceInfo>0</DCC_SymbolReferenceInfo>
    <DCC_Define>RELEASE</DCC_Define>
    <DCC_AssertionsAtRuntime>False</DCC_AssertionsAtRuntime>
    <DCC_OpenStringParams>False</DCC_OpenStringParams>
    <DCC_IntegerOverflowCheck>True</DCC_IntegerOverflowCheck>
    <DCC_RangeChecking>True</DCC_RangeChecking>
    <DCC_TypedAtParameter>True</DCC_TypedAtParameter>
    <DCC_StrictVarStrings>False</DCC_StrictVarStrings>
    <DCC_UnitSearchPath>C:\Program Files\Common Files\CodeGear Shared\Rad Studio\Shared Assemblies\5.0;C:\WINDOWS\Microsoft.NET\Framework\v2.0.50727</DCC_UnitSearchPath>
    <DCC_ResourcePath>C:\Program Files\Common Files\CodeGear Shared\Rad Studio\Shared Assemblies\5.0;C:\WINDOWS\Microsoft.NET\Framework\v2.0.50727</DCC_ResourcePath>
    <DCC_IncludePath>C:\Program Files\Common Files\CodeGear Shared\Rad Studio\Shared Assemblies\5.0;C:\WINDOWS\Microsoft.NET\Framework\v2.0.50727</DCC_IncludePath>
  </PropertyGroup>
  <PropertyGroup Condition=" '$(Configuration)|$(Platform)' == 'Debug|AnyCPU' ">
    <Version>7.0</Version>
    <DCC_IntegerOverflowCheck>True</DCC_IntegerOverflowCheck>
    <DCC_RangeChecking>True</DCC_RangeChecking>
    <DCC_TypedAtParameter>True</DCC_TypedAtParameter>
    <DCC_DebugInfoInExe>True</DCC_DebugInfoInExe>
    <DCC_DebugVN>True</DCC_DebugVN>
    <DCC_NameSpace>Borland.Vcl</DCC_NameSpace>
    <DCC_BplOutput>.</DCC_BplOutput>
    <DCC_Optimize>False</DCC_Optimize>
    <DCC_UnitSearchPath>C:\Program Files\Common Files\CodeGear Shared\Rad Studio\Shared Assemblies\5.0;C:\WINDOWS\Microsoft.NET\Framework\v2.0.50727;C:\Program Files\Microsoft ASP.NET\ASP.NET 2.0 AJAX Extensions\v1.0.61025</DCC_UnitSearchPath>
    <DCC_ResourcePath>C:\Program Files\Common Files\CodeGear Shared\Rad Studio\Shared Assemblies\5.0;C:\WINDOWS\Microsoft.NET\Framework\v2.0.50727;C:\Program Files\Microsoft ASP.NET\ASP.NET 2.0 AJAX Extensions\v1.0.61025</DCC_ResourcePath>
    <DCC_IncludePath>C:\Program Files\Common Files\CodeGear Shared\Rad Studio\Shared Assemblies\5.0;C:\WINDOWS\Microsoft.NET\Framework\v2.0.50727;C:\Program Files\Microsoft ASP.NET\ASP.NET 2.0 AJAX Extensions\v1.0.61025</DCC_IncludePath>
    <DCC_OpenStringParams>False</DCC_OpenStringParams>
    <DCC_StrictVarStrings>False</DCC_StrictVarStrings>
  </PropertyGroup>
  <ProjectExtensions>
    <Borland.Personality>DelphiDotNet.Personality</Borland.Personality>
    <Borland.ProjectType>Package</Borland.ProjectType>
    <BorlandProject>
<BorlandProject><DelphiDotNet.Personality><Parameters><Parameters Name="UseLauncher">False</Parameters><Parameters Name="LoadAllSymbols">True</Parameters><Parameters Name="LoadUnspecifiedSymbols">False</Parameters></Parameters><Package_Options><Package_Options Name="ImplicitBuild">False</Package_Options><Package_Options Name="DesigntimeOnly">False</Package_Options><Package_Options Name="RuntimeOnly">False</Package_Options></Package_Options><VersionInfo><VersionInfo Name="IncludeVerInfo">True</VersionInfo><VersionInfo Name="AutoIncBuild">False</VersionInfo><VersionInfo Name="MajorVer">1</VersionInfo><VersionInfo Name="MinorVer">0</VersionInfo><VersionInfo Name="Release">0</VersionInfo><VersionInfo Name="Build">0</VersionInfo><VersionInfo Name="Debug">False</VersionInfo><VersionInfo Name="PreRelease">False</VersionInfo><VersionInfo Name="Special">False</VersionInfo><VersionInfo Name="Private">False</VersionInfo><VersionInfo Name="DLL">False</VersionInfo><VersionInfo Name="Locale">1033</VersionInfo><VersionInfo Name="CodePage">1252</VersionInfo></VersionInfo><VersionInfoKeys><VersionInfoKeys Name="CompanyName"></VersionInfoKeys><VersionInfoKeys Name="FileDescription"></VersionInfoKeys><VersionInfoKeys Name="FileVersion">1.0.0.0</VersionInfoKeys><VersionInfoKeys Name="InternalName"></VersionInfoKeys><VersionInfoKeys Name="LegalCopyright"></VersionInfoKeys><VersionInfoKeys Name="LegalTrademarks"></VersionInfoKeys><VersionInfoKeys Name="OriginalFilename"></VersionInfoKeys><VersionInfoKeys Name="ProductName"></VersionInfoKeys><VersionInfoKeys Name="ProductVersion">1.0.0.0</VersionInfoKeys><VersionInfoKeys Name="Comments"></VersionInfoKeys></VersionInfoKeys><Source><Source Name="MainSource">ki.dpk</Source></Source></DelphiDotNet.Personality></BorlandProject></BorlandProject>
  </ProjectExtensions>
  <ItemGroup>
    <Reference Include="$(SystemRoot)\Microsoft.NET\Framework\v2.0.50727\System.Data.dll">
      <AssemblyName>System.Data</AssemblyName>
      <Version>2.0.0.0</Version>
      <HintPath>$(SystemRoot)\Microsoft.NET\Framework\v2.0.50727\System.Data.dll</HintPath>
      <AssemblyTag>$(SystemRoot)\Microsoft.NET\Framework\v2.0.50727\System.Data.dll</AssemblyTag>
      <LinkUnits>False</LinkUnits>
    </Reference>
    <Reference Include="$(SystemRoot)\Microsoft.NET\Framework\v2.0.50727\System.Drawing.dll">
      <AssemblyName>System.Drawing</AssemblyName>
      <Version>2.0.0.0</Version>
      <HintPath>$(SystemRoot)\Microsoft.NET\Framework\v2.0.50727\System.Drawing.dll</HintPath>
      <AssemblyTag>$(SystemRoot)\Microsoft.NET\Framework\v2.0.50727\System.Drawing.dll</AssemblyTag>
      <LinkUnits>False</LinkUnits>
    </Reference>
    <Reference Include="C:\Program Files\Common Files\CodeGear Shared\Rad Studio\Shared Assemblies\5.0\Borland.Delphi.dll">
      <AssemblyName>Borland.Delphi</AssemblyName>
      <Version>11.0.5000.9245</Version>
      <HintPath>C:\Program Files\Common Files\CodeGear Shared\Rad Studio\Shared Assemblies\5.0\Borland.Delphi.dll</HintPath>
      <AssemblyTag>C:\Program Files\Common Files\CodeGear Shared\Rad Studio\Shared Assemblies\5.0\Borland.Delphi.dll</AssemblyTag>
      <LinkUnits>False</LinkUnits>
    </Reference>
    <Reference Include="C:\Program Files\Microsoft ASP.NET\ASP.NET 2.0 AJAX Extensions\v1.0.61025\System.Web.Extensions.dll">
      <AssemblyName>System.Web.Extensions</AssemblyName>
      <CopyLocal>True</CopyLocal>
      <Version>1.0.61025.0</Version>
      <HintPath>C:\Program Files\Microsoft ASP.NET\ASP.NET 2.0 AJAX Extensions\v1.0.61025\System.Web.Extensions.dll</HintPath>
      <AssemblyTag>C:\Program Files\Microsoft ASP.NET\ASP.NET 2.0 AJAX Extensions\v1.0.61025\System.Web.Extensions.dll</AssemblyTag>
      <LinkUnits>False</LinkUnits>
    </Reference>
  </ItemGroup>
  <ItemGroup>
    <DelphiCompile Include="ki.dpk">
      <MainSource>MainSource</MainSource>
    </DelphiCompile>
    <DCCReference Include="kix.pas" />
    <DCCReference Include="ki_web_ui.pas">
      <Form>ki_web_ui.page_class</Form>
      <DesignClass>System.Web.UI.Page</DesignClass>
    </DCCReference>
  </ItemGroup>
  <Import Project="$(MSBuildBinPath)\Borland.Delphi.Targets" />
</Project>